
Microsoft Visual Studio Solution File, Format Version 12.00
# Visual Studio Version 16
VisualStudioVersion = 16.0.30309.148
MinimumVisualStudioVersion = 10.0.40219.1
Project("{FAE04EC0-301F-11D3-BF4B-00C04F79EFBC}") = "UWP(Universal Windows Platform)アプリケーション", "UWP(Universal Windows Platform)アプリケーション\UWP(Universal Windows Platform)アプリケーション.csproj", "{D7CB9E1B-ED0D-4126-8B37-F9B1B4FE6CF2}"
EndProject
Global
	GlobalSection(SolutionConfigurationPlatforms) = preSolution
		Debug|Any CPU = Debug|Any CPU
		Release|Any CPU = Release|Any CPU
	EndGlobalSection
	GlobalSection(ProjectConfigurationPlatforms) = postSolution
		{D7CB9E1B-ED0D-4126-8B37-F9B1B4FE6CF2}.Debug|Any CPU.ActiveCfg = Debug|Any CPU
		{D7CB9E1B-ED0D-4126-8B37-F9B1B4FE6CF2}.Debug|Any CPU.Build.0 = Debug|Any CPU
		{D7CB9E1B-ED0D-4126-8B37-F9B1B4FE6CF2}.Release|Any CPU.ActiveCfg = Release|Any CPU
		{D7CB9E1B-ED0D-4126-8B37-F9B1B4FE6CF2}.Release|Any CPU.Build.0 = Release|Any CPU
	EndGlobalSection
	GlobalSection(SolutionProperties) = preSolution
		HideSolutionNode = FALSE
	EndGlobalSection
	GlobalSection(ExtensibilityGlobals) = postSolution
		SolutionGuid = {5D89C865-CE9B-4DCF-88F8-3E3CCAE456D4}
	EndGlobalSection
EndGlobal
